// !$*UTF8*$!
{
	archiveVersion = 1;
	classes = {
	};
	objectVersion = 46;
	objects = {

/* Begin PBXBuildFile section */
		AB0483AF1976C30200EC506E /* main.m in Sources */ = {isa = PBXBuildFile; fileRef = AB0483AE1976C30200EC506E /* main.m */; };
		AB0483B21976C30200EC506E /* AppDelegate.m in Sources */ = {isa = PBXBuildFile; fileRef = AB0483B11976C30200EC506E /* AppDelegate.m */; };
		AB0483B51976C30200EC506E /* ViewController.m in Sources */ = {isa = PBXBuildFile; fileRef = AB0483B41976C30200EC506E /* ViewController.m */; };
		AB0483B81976C30200EC506E /* Main.storyboard in Resources */ = {isa = PBXBuildFile; fileRef = AB0483B61976C30200EC506E /* Main.storyboard */; };
		AB0483BA1976C30200EC506E /* Images.xcassets in Resources */ = {isa = PBXBuildFile; fileRef = AB0483B91976C30200EC506E /* Images.xcassets */; };
		AB0483C61976C30200EC506E /* DecisionMakerTests.m in Sources */ = {isa = PBXBuildFile; fileRef = AB0483C51976C30200EC506E /* DecisionMakerTests.m */; };
/* End PBXBuildFile section */

/* Begin PBXContainerItemProxy section */
		AB0483C01976C30200EC506E /* PBXContainerItemProxy */ = {
			isa = PBXContainerItemProxy;
			containerPortal = AB0483A11976C30200EC506E /* Project object */;
			proxyType = 1;
			remoteGlobalIDString = AB0483A81976C30200EC506E;
			remoteInfo = DecisionMaker;
		};
/* End PBXContainerItemProxy section */

/* Begin PBXFileReference section */
		AB0483A91976C30200EC506E /* DecisionMaker.app */ = {isa = PBXFileReference; explicitFileType = wrapper.application; includeInIndex = 0; path = DecisionMaker.app; sourceTree = BUILT_PRODUCTS_DIR; };
		AB0483AD1976C30200EC506E /* Info.plist */ = {isa = PBXFileReference; lastKnownFileType = text.plist.xml; path = Info.plist; sourceTree = "<group>"; };
		AB0483AE1976C30200EC506E /* main.m */ = {isa = PBXFileReference; lastKnownFileType = sourcecode.c.objc; path = main.m; sourceTree = "<group>"; };
		AB0483B01976C30200EC506E /* AppDelegate.h */ = {isa = PBXFileReference; lastKnownFileType = sourcecode.c.h; path = AppDelegate.h; sourceTree = "<group>"; };
		AB0483B11976C30200EC506E /* AppDelegate.m */ = {isa = PBXFileReference; lastKnownFileType = sourcecode.c.objc; path = AppDelegate.m; sourceTree = "<group>"; };
		AB0483B31976C30200EC506E /* ViewController.h */ = {isa = PBXFileReference; lastKnownFileType = sourcecode.c.h; path = ViewController.h; sourceTree = "<group>"; };
		AB0483B41976C30200EC506E /* ViewController.m */ = {isa = PBXFileReference; lastKnownFileType = sourcecode.c.objc; path = ViewController.m; sourceTree = "<group>"; };
		AB0483B71976C30200EC506E /* Base */ = {isa = PBXFileReference; lastKnownFileType = file.storyboard; name = Base; path = Base.lproj/Main.storyboard; sourceTree = "<group>"; };
		AB0483B91976C30200EC506E /* Images.xcassets */ = {isa = PBXFileReference; lastKnownFileType = folder.assetcatalog; path = Images.xcassets; sourceTree = "<group>"; };
		AB0483BF1976C30200EC506E /* DecisionMakerTests.xctest */ = {isa = PBXFileReference; explicitFileType = wrapper.cfbundle; includeInIndex = 0; path = DecisionMakerTests.xctest; sourceTree = BUILT_PRODUCTS_DIR; };
		AB0483C41976C30200EC506E /* Info.plist */ = {isa = PBXFileReference; lastKnownFileType = text.plist.xml; path = Info.plist; sourceTree = "<group>"; };
		AB0483C51976C30200EC506E /* DecisionMakerTests.m */ = {isa = PBXFileReference; lastKnownFileType = sourcecode.c.objc; path = DecisionMakerTests.m; sourceTree = "<group>"; };
/* End PBXFileReference section */

/* Begin PBXFrameworksBuildPhase section */
		AB0483A61976C30200EC506E /* Frameworks */ = {
			isa = PBXFrameworksBuildPhase;
			buildActionMask = 2147483647;
			files = (
			);
			runOnlyForDeploymentPostprocessing = 0;
		};
		AB0483BC1976C30200EC506E /* Frameworks */ = {
			isa = PBXFrameworksBuildPhase;
			buildActionMask = 2147483647;
			files = (
			);
			runOnlyForDeploymentPostprocessing = 0;
		};
/* End PBXFrameworksBuildPhase section */

/* Begin PBXGroup section */
		AB0483A01976C30200EC506E = {
			isa = PBXGroup;
			children = (
				AB0483AB1976C30200EC506E /* DecisionMaker */,
				AB0483C21976C30200EC506E /* DecisionMakerTests */,
				AB0483AA1976C30200EC506E /* Products */,
			);
			sourceTree = "<group>";
		};
		AB0483AA1976C30200EC506E /* Products */ = {
			isa = PBXGroup;
			children = (
				AB0483A91976C30200EC506E /* DecisionMaker.app */,
				AB0483BF1976C30200EC506E /* DecisionMakerTests.xctest */,
			);
			name = Products;
			sourceTree = "<group>";
		};
		AB0483AB1976C30200EC506E /* DecisionMaker */ = {
			isa = PBXGroup;
			children = (
				AB0483B01976C30200EC506E /* AppDelegate.h */,
				AB0483B11976C30200EC506E /* AppDelegate.m */,
				AB0483B31976C30200EC506E /* ViewController.h */,
				AB0483B41976C30200EC506E /* ViewController.m */,
				AB0483B61976C30200EC506E /* Main.storyboard */,
				AB0483B91976C30200EC506E /* Images.xcassets */,
				AB0483AC1976C30200EC506E /* Supporting Files */,
			);
			path = DecisionMaker;
			sourceTree = "<group>";
		};
		AB0483AC1976C30200EC506E /* Supporting Files */ = {
			isa = PBXGroup;
			children = (
				AB0483AD1976C30200EC506E /* Info.plist */,
				AB0483AE1976C30200EC506E /* main.m */,
			);
			name = "Supporting Files";
			sourceTree = "<group>";
		};
		AB0483C21976C30200EC506E /* DecisionMakerTests */ = {
			isa = PBXGroup;
			children = (
				AB0483C51976C30200EC506E /* DecisionMakerTests.m */,
				AB0483C31976C30200EC506E /* Supporting Files */,
			);
			path = DecisionMakerTests;
			sourceTree = "<group>";
		};
		AB0483C31976C30200EC506E /* Supporting Files */ = {
			isa = PBXGroup;
			children = (
				AB0483C41976C30200EC506E /* Info.plist */,
			);
			name = "Supporting Files";
			sourceTree = "<group>";
		};
/* End PBXGroup section */

/* Begin PBXNativeTarget section */
		AB0483A81976C30200EC506E /* DecisionMaker */ = {
			isa = PBXNativeTarget;
			buildConfigurationList = AB0483C91976C30200EC506E /* Build configuration list for PBXNativeTarget "DecisionMaker" */;
			buildPhases = (
				AB0483A51976C30200EC506E /* Sources */,
				AB0483A61976C30200EC506E /* Frameworks */,
				AB0483A71976C30200EC506E /* Resources */,
			);
			buildRules = (
			);
			dependencies = (
			);
			name = DecisionMaker;
			productName = DecisionMaker;
			productReference = AB0483A91976C30200EC506E /* DecisionMaker.app */;
			productType = "com.apple.product-type.application";
		};
		AB0483BE1976C30200EC506E /* DecisionMakerTests */ = {
			isa = PBXNativeTarget;
			buildConfigurationList = AB0483CC1976C30200EC506E /* Build configuration list for PBXNativeTarget "DecisionMakerTests" */;
			buildPhases = (
				AB0483BB1976C30200EC506E /* Sources */,
				AB0483BC1976C30200EC506E /* Frameworks */,
				AB0483BD1976C30200EC506E /* Resources */,
			);
			buildRules = (
			);
			dependencies = (
				AB0483C11976C30200EC506E /* PBXTargetDependency */,
			);
			name = DecisionMakerTests;
			productName = DecisionMakerTests;
			productReference = AB0483BF1976C30200EC506E /* DecisionMakerTests.xctest */;
			productType = "com.apple.product-type.bundle.unit-test";
		};
/* End PBXNativeTarget section */

/* Begin PBXProject section */
		AB0483A11976C30200EC506E /* Project object */ = {
			isa = PBXProject;
			attributes = {
				LastUpgradeCheck = 0600;
				ORGANIZATIONNAME = "Calvin Chestnut";
				TargetAttributes = {
					AB0483A81976C30200EC506E = {
						CreatedOnToolsVersion = 6.0;
					};
					AB0483BE1976C30200EC506E = {
						CreatedOnToolsVersion = 6.0;
						TestTargetID = AB0483A81976C30200EC506E;
					};
				};
			};
			buildConfigurationList = AB0483A41976C30200EC506E /* Build configuration list for PBXProject "DecisionMaker" */;
			compatibilityVersion = "Xcode 3.2";
			developmentRegion = English;
			hasScannedForEncodings = 0;
			knownRegions = (
				en,
				Base,
			);
			mainGroup = AB0483A01976C30200EC506E;
			productRefGroup = AB0483AA1976C30200EC506E /* Products */;
			projectDirPath = "";
			projectRoot = "";
			targets = (
				AB0483A81976C30200EC506E /* DecisionMaker */,
				AB0483BE1976C30200EC506E /* DecisionMakerTests */,
			);
		};
/* End PBXProject section */

/* Begin PBXResourcesBuildPhase section */
		AB0483A71976C30200EC506E /* Resources */ = {
			isa = PBXResourcesBuildPhase;
			buildActionMask = 2147483647;
			files = (
				AB0483B81976C30200EC506E /* Main.storyboard in Resources */,
				AB0483BA1976C30200EC506E /* Images.xcassets in Resources */,
			);
			runOnlyForDeploymentPostprocessing = 0;
		};
		AB0483BD1976C30200EC506E /* Resources */ = {
			isa = PBXResourcesBuildPhase;
			buildActionMask = 2147483647;
			files = (
			);
			runOnlyForDeploymentPostprocessing = 0;
		};
/* End PBXResourcesBuildPhase section */

/* Begin PBXSourcesBuildPhase section */
		AB0483A51976C30200EC506E /* Sources */ = {
			isa = PBXSourcesBuildPhase;
			buildActionMask = 2147483647;
			files = (
				AB0483B51976C30200EC506E /* ViewController.m in Sources */,
				AB0483B21976C30200EC506E /* AppDelegate.m in Sources */,
				AB0483AF1976C30200EC506E /* main.m in Sources */,
			);
			runOnlyForDeploymentPostprocessing = 0;
		};
		AB0483BB1976C30200EC506E /* Sources */ = {
			isa = PBXSourcesBuildPhase;
			buildActionMask = 2147483647;
			files = (
				AB0483C61976C30200EC506E /* DecisionMakerTests.m in Sources */,
			);
			runOnlyForDeploymentPostprocessing = 0;
		};
/* End PBXSourcesBuildPhase section */

/* Begin PBXTargetDependency section */
		AB0483C11976C30200EC506E /* PBXTargetDependency */ = {
			isa = PBXTargetDependency;
			target = AB0483A81976C30200EC506E /* DecisionMaker */;
			targetProxy = AB0483C01976C30200EC506E /* PBXContainerItemProxy */;
		};
/* End PBXTargetDependency section */

/* Begin PBXVariantGroup section */
		AB0483B61976C30200EC506E /* Main.storyboard */ = {
			isa = PBXVariantGroup;
			children = (
				AB0483B71976C30200EC506E /* Base */,
			);
			name = Main.storyboard;
			sourceTree = "<group>";
		};
/* End PBXVariantGroup section */

/* Begin XCBuildConfiguration section */
		AB0483C71976C30200EC506E /* Debug */ = {
			isa = XCBuildConfiguration;
			buildSettings = {
				ALWAYS_SEARCH_USER_PATHS = NO;
				CLANG_CXX_LANGUAGE_STANDARD = "gnu++0x";
				CLANG_CXX_LIBRARY = "libc++";
				CLANG_ENABLE_MODULES = YES;
				CLANG_ENABLE_OBJC_ARC = YES;
				CLANG_WARN_BOOL_CONVERSION = YES;
				CLANG_WARN_CONSTANT_CONVERSION = YES;
				CLANG_WARN_DIRECT_OBJC_ISA_USAGE = YES_ERROR;
				CLANG_WARN_EMPTY_BODY = YES;
				CLANG_WARN_ENUM_CONVERSION = YES;
				CLANG_WARN_INT_CONVERSION = YES;
				CLANG_WARN_OBJC_ROOT_CLASS = YES_ERROR;
				CLANG_WARN_UNREACHABLE_CODE = YES;
				CLANG_WARN__DUPLICATE_METHOD_MATCH = YES;
				"CODE_SIGN_IDENTITY[sdk=iphoneos*]" = "iPhone Developer";
				COPY_PHASE_STRIP = NO;
				ENABLE_STRICT_OBJC_MSGSEND = YES;
				GCC_C_LANGUAGE_STANDARD = gnu99;
				GCC_DYNAMIC_NO_PIC = NO;
				GCC_OPTIMIZATION_LEVEL = 0;
				GCC_PREPROCESSOR_DEFINITIONS = (
					"DEBUG=1",
					"$(inherited)",
				);
				GCC_SYMBOLS_PRIVATE_EXTERN = NO;
				GCC_WARN_64_TO_32_BIT_CONVERSION = YES;
				GCC_WARN_ABOUT_RETURN_TYPE = YES_ERROR;
				GCC_WARN_UNDECLARED_SELECTOR = YES;
				GCC_WARN_UNINITIALIZED_AUTOS = YES_AGGRESSIVE;
				GCC_WARN_UNUSED_FUNCTION = YES;
				GCC_WARN_UNUSED_VARIABLE = YES;
				IPHONEOS_DEPLOYMENT_TARGET = 8.0;
				MTL_ENABLE_DEBUG_INFO = YES;
				ONLY_ACTIVE_ARCH = YES;
				SDKROOT = iphoneos;
				TARGETED_DEVICE_FAMILY = "1,2";
			};
			name = Debug;
		};
		AB0483C81976C30200EC506E /* Release */ = {
			isa = XCBuildConfiguration;
			buildSettings = {
				ALWAYS_SEARCH_USER_PATHS = NO;
				CLANG_CXX_LANGUAGE_STANDARD = "gnu++0x";
				CLANG_CXX_LIBRARY = "libc++";
				CLANG_ENABLE_MODULES = YES;
				CLANG_ENABLE_OBJC_ARC = YES;
				CLANG_WARN_BOOL_CONVERSION = YES;
				CLANG_WARN_CONSTANT_CONVERSION = YES;
				CLANG_WARN_DIRECT_OBJC_ISA_USAGE = YES_ERROR;
				CLANG_WARN_EMPTY_BODY = YES;
				CLANG_WARN_ENUM_CONVERSION = YES;
				CLANG_WARN_INT_CONVERSION = YES;
				CLANG_WARN_OBJC_ROOT_CLASS = YES_ERROR;
				CLANG_WARN_UNREACHABLE_CODE = YES;
				CLANG_WARN__DUPLICATE_METHOD_MATCH = YES;
				"CODE_SIGN_IDENTITY[sdk=iphoneos*]" = "iPhone Developer";
				COPY_PHASE_STRIP = YES;
				ENABLE_NS_ASSERTIONS = NO;
				ENABLE_STRICT_OBJC_MSGSEND = YES;
				GCC_C_LANGUAGE_STANDARD = gnu99;
				GCC_WARN_64_TO_32_BIT_CONVERSION = YES;
				GCC_WARN_ABOUT_RETURN_TYPE = YES_ERROR;
				GCC_WARN_UNDECLARED_SELECTOR = YES;
				GCC_WARN_UNINITIALIZED_AUTOS = YES_AGGRESSIVE;
				GCC_WARN_UNUSED_FUNCTION = YES;
				GCC_WARN_UNUSED_VARIABLE = YES;
				IPHONEOS_DEPLOYMENT_TARGET = 8.0;
				MTL_ENABLE_DEBUG_INFO = NO;
				SDKROOT = iphoneos;
				TARGETED_DEVICE_FAMILY = "1,2";
				VALIDATE_PRODUCT = YES;
			};
			name = Release;
		};
		AB0483CA1976C30200EC506E /* Debug */ = {
			isa = XCBuildConfiguration;
			buildSettings = {
				ASSETCATALOG_COMPILER_APPICON_NAME = AppIcon;
				ASSETCATALOG_COMPILER_LAUNCHIMAGE_NAME = LaunchImage;
				INFOPLIST_FILE = DecisionMaker/Info.plist;
				LD_RUNPATH_SEARCH_PATHS = "$(inherited) @executable_path/Frameworks";
				PRODUCT_NAME = "$(TARGET_NAME)";
			};
			name = Debug;
		};
		AB0483CB1976C30200EC506E /* Release */ = {
			isa = XCBuildConfiguration;
			buildSettings = {
				ASSETCATALOG_COMPILER_APPICON_NAME = AppIcon;
				ASSETCATALOG_COMPILER_LAUNCHIMAGE_NAME = LaunchImage;
				INFOPLIST_FILE = DecisionMaker/Info.plist;
				LD_RUNPATH_SEARCH_PATHS = "$(inherited) @executable_path/Frameworks";
				PRODUCT_NAME = "$(TARGET_NAME)";
			};
			name = Release;
		};
		AB0483CD1976C30200EC506E /* Debug */ = {
			isa = XCBuildConfiguration;
			buildSettings = {
				BUNDLE_LOADER = "$(BUILT_PRODUCTS_DIR)/DecisionMaker.app/DecisionMaker";
				FRAMEWORK_SEARCH_PATHS = (
					"$(SDKROOT)/Developer/Library/Frameworks",
					"$(inherited)",
				);
				GCC_PREPROCESSOR_DEFINITIONS = (
					"DEBUG=1",
					"$(inherited)",
				);
				INFOPLIST_FILE = DecisionMakerTests/Info.plist;
				LD_RUNPATH_SEARCH_PATHS = "$(inherited) @executable_path/Frameworks @loader_path/Frameworks";
				PRODUCT_NAME = "$(TARGET_NAME)";
				TEST_HOST = "$(BUNDLE_LOADER)";
			};
			name = Debug;
		};
		AB0483CE1976C30200EC506E /* Release */ = {
			isa = XCBuildConfiguration;
			buildSettings = {
				BUNDLE_LOADER = "$(BUILT_PRODUCTS_DIR)/DecisionMaker.app/DecisionMaker";
				FRAMEWORK_SEARCH_PATHS = (
					"$(SDKROOT)/Developer/Library/Frameworks",
					"$(inherited)",
				);
				INFOPLIST_FILE = DecisionMakerTests/Info.plist;
				LD_RUNPATH_SEARCH_PATHS = "$(inherited) @executable_path/Frameworks @loader_path/Frameworks";
				PRODUCT_NAME = "$(TARGET_NAME)";
				TEST_HOST = "$(BUNDLE_LOADER)";
			};
			name = Release;
		};
/* End XCBuildConfiguration section */

/* Begin XCConfigurationList section */
		AB0483A41976C30200EC506E /* Build configuration list for PBXProject "DecisionMaker" */ = {
			isa = XCConfigurationList;
			buildConfigurations = (
				AB0483C71976C30200EC506E /* Debug */,
				AB0483C81976C30200EC506E /* Release */,
			);
			defaultConfigurationIsVisible = 0;
			defaultConfigurationName = Release;
		};
		AB0483C91976C30200EC506E /* Build configuration list for PBXNativeTarget "DecisionMaker" */ = {
			isa = XCConfigurationList;
			buildConfigurations = (
				AB0483CA1976C30200EC506E /* Debug */,
				AB0483CB1976C30200EC506E /* Release */,
			);
			defaultConfigurationIsVisible = 0;
		};
		AB0483CC1976C30200EC506E /* Build configuration list for PBXNativeTarget "DecisionMakerTests" */ = {
			isa = XCConfigurationList;
			buildConfigurations = (
				AB0483CD1976C30200EC506E /* Debug */,
				AB0483CE1976C30200EC506E /* Release */,
			);
			defaultConfigurationIsVisible = 0;
		};
/* End XCConfigurationList section */
	};
	rootObject = AB0483A11976C30200EC506E /* Project object */;
}
